
Microsoft Visual Studio Solution File, Format Version 12.00
# Visual Studio 15
VisualStudioVersion = 15.0.27703.2035
MinimumVisualStudioVersion = 10.0.40219.1
Project("{2150E333-8FDC-42A3-9474-1A3956D46DE8}") = "Application", "Application", "{5303B3E7-4405-4CAE-B7FD-D180E2C7B2ED}"
EndProject
Project("{2150E333-8FDC-42A3-9474-1A3956D46DE8}") = "DomainModel", "DomainModel", "{F97E1042-D9A5-4DE6-9A28-2E13962DE532}"
EndProject
Project("{2150E333-8FDC-42A3-9474-1A3956D46DE8}") = "Infrastructure", "Infrastructure", "{14DC004A-C80C-44EA-B666-95BB3650B0F0}"
EndProject
Project("{2150E333-8FDC-42A3-9474-1A3956D46DE8}") = "src", "src", "{1102013E-7CD2-4802-8534-9BEA3EB45041}"
EndProject
Project("{2150E333-8FDC-42A3-9474-1A3956D46DE8}") = "ApiGateways", "ApiGateways", "{84645EA4-5CCA-4242-AF80-9A4014776EC3}"
EndProject
Project("{2150E333-8FDC-42A3-9474-1A3956D46DE8}") = "Services", "Services", "{1236A076-C674-4C9F-9027-9D28BF4DBB5A}"
EndProject
Project("{2150E333-8FDC-42A3-9474-1A3956D46DE8}") = "Payroll", "Payroll", "{2B1F7558-4C11-4E83-BA73-586363A62266}"
EndProject
Project("{9A19103F-16F7-4668-BE54-9A1E7A4F7556}") = "Payroll.Application", "src\Services\Payroll\Application\Payroll.Application\Payroll.Application.csproj", "{C91ACB81-F1CA-4D46-BD11-11787AD64FB2}"
EndProject
Project("{9A19103F-16F7-4668-BE54-9A1E7A4F7556}") = "Payroll.DomainCore", "src\Services\Payroll\DomainModel\Payroll.DomainCore\Payroll.DomainCore.csproj", "{48C513DE-E1D9-47D2-BBE1-C2D9D69A22D6}"
EndProject
Project("{9A19103F-16F7-4668-BE54-9A1E7A4F7556}") = "Payroll.Infrastructure", "src\Services\Payroll\Infrastructure\Payroll.Infrastructure\Payroll.Infrastructure.csproj", "{6E91A4DD-42EB-4B05-9E88-D05CFB20F335}"
EndProject
Project("{2150E333-8FDC-42A3-9474-1A3956D46DE8}") = "Testing", "Testing", "{3F818049-D576-41D5-982A-DE1E8839FFBE}"
EndProject
Project("{2150E333-8FDC-42A3-9474-1A3956D46DE8}") = "Finance", "Finance", "{5272A653-1B50-40D0-9D65-8DAB2D5B339D}"
EndProject
Project("{9A19103F-16F7-4668-BE54-9A1E7A4F7556}") = "Payroll.API", "src\Services\Payroll\Application\Payroll.API\Payroll.API.csproj", "{912D0128-F343-4DA1-BD0C-5AB4191E16EA}"
EndProject
Project("{2150E333-8FDC-42A3-9474-1A3956D46DE8}") = "Benefits", "Benefits", "{F57D8BC6-20CC-4701-900C-E2D4D23F04D6}"
EndProject
Project("{9A19103F-16F7-4668-BE54-9A1E7A4F7556}") = "Payroll.Tests", "src\Services\Payroll\Testing\Payroll.Tests\Payroll.Tests.csproj", "{07CABC4D-5B20-42A6-9EF4-D89E69EABBA7}"
EndProject
Project("{9A19103F-16F7-4668-BE54-9A1E7A4F7556}") = "OcelotAPIGateway", "src\ApiGateways\OcelotAPIGateway\OcelotAPIGateway.csproj", "{D63A0C03-75A3-419F-BA47-3EB3B6EFA146}"
EndProject
Global
	GlobalSection(SolutionConfigurationPlatforms) = preSolution
		Debug|Any CPU = Debug|Any CPU
		Release|Any CPU = Release|Any CPU
	EndGlobalSection
	GlobalSection(ProjectConfigurationPlatforms) = postSolution
		{C91ACB81-F1CA-4D46-BD11-11787AD64FB2}.Debug|Any CPU.ActiveCfg = Debug|Any CPU
		{C91ACB81-F1CA-4D46-BD11-11787AD64FB2}.Debug|Any CPU.Build.0 = Debug|Any CPU
		{C91ACB81-F1CA-4D46-BD11-11787AD64FB2}.Release|Any CPU.ActiveCfg = Release|Any CPU
		{C91ACB81-F1CA-4D46-BD11-11787AD64FB2}.Release|Any CPU.Build.0 = Release|Any CPU
		{48C513DE-E1D9-47D2-BBE1-C2D9D69A22D6}.Debug|Any CPU.ActiveCfg = Debug|Any CPU
		{48C513DE-E1D9-47D2-BBE1-C2D9D69A22D6}.Debug|Any CPU.Build.0 = Debug|Any CPU
		{48C513DE-E1D9-47D2-BBE1-C2D9D69A22D6}.Release|Any CPU.ActiveCfg = Release|Any CPU
		{48C513DE-E1D9-47D2-BBE1-C2D9D69A22D6}.Release|Any CPU.Build.0 = Release|Any CPU
		{6E91A4DD-42EB-4B05-9E88-D05CFB20F335}.Debug|Any CPU.ActiveCfg = Debug|Any CPU
		{6E91A4DD-42EB-4B05-9E88-D05CFB20F335}.Debug|Any CPU.Build.0 = Debug|Any CPU
		{6E91A4DD-42EB-4B05-9E88-D05CFB20F335}.Release|Any CPU.ActiveCfg = Release|Any CPU
		{6E91A4DD-42EB-4B05-9E88-D05CFB20F335}.Release|Any CPU.Build.0 = Release|Any CPU
		{912D0128-F343-4DA1-BD0C-5AB4191E16EA}.Debug|Any CPU.ActiveCfg = Debug|Any CPU
		{912D0128-F343-4DA1-BD0C-5AB4191E16EA}.Debug|Any CPU.Build.0 = Debug|Any CPU
		{912D0128-F343-4DA1-BD0C-5AB4191E16EA}.Release|Any CPU.ActiveCfg = Release|Any CPU
		{912D0128-F343-4DA1-BD0C-5AB4191E16EA}.Release|Any CPU.Build.0 = Release|Any CPU
		{07CABC4D-5B20-42A6-9EF4-D89E69EABBA7}.Debug|Any CPU.ActiveCfg = Debug|Any CPU
		{07CABC4D-5B20-42A6-9EF4-D89E69EABBA7}.Debug|Any CPU.Build.0 = Debug|Any CPU
		{07CABC4D-5B20-42A6-9EF4-D89E69EABBA7}.Release|Any CPU.ActiveCfg = Release|Any CPU
		{07CABC4D-5B20-42A6-9EF4-D89E69EABBA7}.Release|Any CPU.Build.0 = Release|Any CPU
		{D63A0C03-75A3-419F-BA47-3EB3B6EFA146}.Debug|Any CPU.ActiveCfg = Debug|Any CPU
		{D63A0C03-75A3-419F-BA47-3EB3B6EFA146}.Debug|Any CPU.Build.0 = Debug|Any CPU
		{D63A0C03-75A3-419F-BA47-3EB3B6EFA146}.Release|Any CPU.ActiveCfg = Release|Any CPU
		{D63A0C03-75A3-419F-BA47-3EB3B6EFA146}.Release|Any CPU.Build.0 = Release|Any CPU
	EndGlobalSection
	GlobalSection(SolutionProperties) = preSolution
		HideSolutionNode = FALSE
	EndGlobalSection
	GlobalSection(NestedProjects) = preSolution
		{5303B3E7-4405-4CAE-B7FD-D180E2C7B2ED} = {2B1F7558-4C11-4E83-BA73-586363A62266}
		{F97E1042-D9A5-4DE6-9A28-2E13962DE532} = {2B1F7558-4C11-4E83-BA73-586363A62266}
		{14DC004A-C80C-44EA-B666-95BB3650B0F0} = {2B1F7558-4C11-4E83-BA73-586363A62266}
		{84645EA4-5CCA-4242-AF80-9A4014776EC3} = {1102013E-7CD2-4802-8534-9BEA3EB45041}
		{1236A076-C674-4C9F-9027-9D28BF4DBB5A} = {1102013E-7CD2-4802-8534-9BEA3EB45041}
		{2B1F7558-4C11-4E83-BA73-586363A62266} = {1236A076-C674-4C9F-9027-9D28BF4DBB5A}
		{C91ACB81-F1CA-4D46-BD11-11787AD64FB2} = {5303B3E7-4405-4CAE-B7FD-D180E2C7B2ED}
		{48C513DE-E1D9-47D2-BBE1-C2D9D69A22D6} = {F97E1042-D9A5-4DE6-9A28-2E13962DE532}
		{6E91A4DD-42EB-4B05-9E88-D05CFB20F335} = {14DC004A-C80C-44EA-B666-95BB3650B0F0}
		{3F818049-D576-41D5-982A-DE1E8839FFBE} = {2B1F7558-4C11-4E83-BA73-586363A62266}
		{5272A653-1B50-40D0-9D65-8DAB2D5B339D} = {1236A076-C674-4C9F-9027-9D28BF4DBB5A}
		{912D0128-F343-4DA1-BD0C-5AB4191E16EA} = {5303B3E7-4405-4CAE-B7FD-D180E2C7B2ED}
		{F57D8BC6-20CC-4701-900C-E2D4D23F04D6} = {1236A076-C674-4C9F-9027-9D28BF4DBB5A}
		{07CABC4D-5B20-42A6-9EF4-D89E69EABBA7} = {3F818049-D576-41D5-982A-DE1E8839FFBE}
		{D63A0C03-75A3-419F-BA47-3EB3B6EFA146} = {84645EA4-5CCA-4242-AF80-9A4014776EC3}
	EndGlobalSection
	GlobalSection(ExtensibilityGlobals) = postSolution
		SolutionGuid = {2373204F-82CC-4318-8022-29C337B213E7}
	EndGlobalSection
EndGlobal
